// !$*UTF8*$!
{
	archiveVersion = 1;
	classes = {
	};
	objectVersion = 46;
	objects = {

/* Begin PBXBuildFile section */
		FF6B268D1A6CE2F70083845B /* AppDelegate.swift in Sources */ = {isa = PBXBuildFile; fileRef = FF6B268C1A6CE2F70083845B /* AppDelegate.swift */; };
		FF6B268F1A6CE2F70083845B /* ViewController.swift in Sources */ = {isa = PBXBuildFile; fileRef = FF6B268E1A6CE2F70083845B /* ViewController.swift */; };
		FF6B26921A6CE2F70083845B /* Main.storyboard in Resources */ = {isa = PBXBuildFile; fileRef = FF6B26901A6CE2F70083845B /* Main.storyboard */; };
		FF6B26941A6CE2F70083845B /* Images.xcassets in Resources */ = {isa = PBXBuildFile; fileRef = FF6B26931A6CE2F70083845B /* Images.xcassets */; };
		FF6B26971A6CE2F70083845B /* LaunchScreen.xib in Resources */ = {isa = PBXBuildFile; fileRef = FF6B26951A6CE2F70083845B /* LaunchScreen.xib */; };
		FF6B26A31A6CE2F70083845B /* MusicPlayerSampleSwiftTests.swift in Sources */ = {isa = PBXBuildFile; fileRef = FF6B26A21A6CE2F70083845B /* MusicPlayerSampleSwiftTests.swift */; };
/* End PBXBuildFile section */

/* Begin PBXContainerItemProxy section */
		FF6B269D1A6CE2F70083845B /* PBXContainerItemProxy */ = {
			isa = PBXContainerItemProxy;
			containerPortal = FF6B267F1A6CE2F70083845B /* Project object */;
			proxyType = 1;
			remoteGlobalIDString = FF6B26861A6CE2F70083845B;
			remoteInfo = MusicPlayerSampleSwift;
		};
/* End PBXContainerItemProxy section */

/* Begin PBXFileReference section */
		FF6B26871A6CE2F70083845B /* MusicPlayerSampleSwift.app */ = {isa = PBXFileReference; explicitFileType = wrapper.application; includeInIndex = 0; path = MusicPlayerSampleSwift.app; sourceTree = BUILT_PRODUCTS_DIR; };
		FF6B268B1A6CE2F70083845B /* Info.plist */ = {isa = PBXFileReference; lastKnownFileType = text.plist.xml; path = Info.plist; sourceTree = "<group>"; };
		FF6B268C1A6CE2F70083845B /* AppDelegate.swift */ = {isa = PBXFileReference; lastKnownFileType = sourcecode.swift; path = AppDelegate.swift; sourceTree = "<group>"; };
		FF6B268E1A6CE2F70083845B /* ViewController.swift */ = {isa = PBXFileReference; lastKnownFileType = sourcecode.swift; path = ViewController.swift; sourceTree = "<group>"; };
		FF6B26911A6CE2F70083845B /* Base */ = {isa = PBXFileReference; lastKnownFileType = file.storyboard; name = Base; path = Base.lproj/Main.storyboard; sourceTree = "<group>"; };
		FF6B26931A6CE2F70083845B /* Images.xcassets */ = {isa = PBXFileReference; lastKnownFileType = folder.assetcatalog; path = Images.xcassets; sourceTree = "<group>"; };
		FF6B26961A6CE2F70083845B /* Base */ = {isa = PBXFileReference; lastKnownFileType = file.xib; name = Base; path = Base.lproj/LaunchScreen.xib; sourceTree = "<group>"; };
		FF6B269C1A6CE2F70083845B /* MusicPlayerSampleSwiftTests.xctest */ = {isa = PBXFileReference; explicitFileType = wrapper.cfbundle; includeInIndex = 0; path = MusicPlayerSampleSwiftTests.xctest; sourceTree = BUILT_PRODUCTS_DIR; };
		FF6B26A11A6CE2F70083845B /* Info.plist */ = {isa = PBXFileReference; lastKnownFileType = text.plist.xml; path = Info.plist; sourceTree = "<group>"; };
		FF6B26A21A6CE2F70083845B /* MusicPlayerSampleSwiftTests.swift */ = {isa = PBXFileReference; lastKnownFileType = sourcecode.swift; path = MusicPlayerSampleSwiftTests.swift; sourceTree = "<group>"; };
/* End PBXFileReference section */

/* Begin PBXFrameworksBuildPhase section */
		FF6B26841A6CE2F70083845B /* Frameworks */ = {
			isa = PBXFrameworksBuildPhase;
			buildActionMask = 2147483647;
			files = (
			);
			runOnlyForDeploymentPostprocessing = 0;
		};
		FF6B26991A6CE2F70083845B /* Frameworks */ = {
			isa = PBXFrameworksBuildPhase;
			buildActionMask = 2147483647;
			files = (
			);
			runOnlyForDeploymentPostprocessing = 0;
		};
/* End PBXFrameworksBuildPhase section */

/* Begin PBXGroup section */
		FF6B267E1A6CE2F70083845B = {
			isa = PBXGroup;
			children = (
				FF6B26891A6CE2F70083845B /* MusicPlayerSampleSwift */,
				FF6B269F1A6CE2F70083845B /* MusicPlayerSampleSwiftTests */,
				FF6B26881A6CE2F70083845B /* Products */,
			);
			sourceTree = "<group>";
		};
		FF6B26881A6CE2F70083845B /* Products */ = {
			isa = PBXGroup;
			children = (
				FF6B26871A6CE2F70083845B /* MusicPlayerSampleSwift.app */,
				FF6B269C1A6CE2F70083845B /* MusicPlayerSampleSwiftTests.xctest */,
			);
			name = Products;
			sourceTree = "<group>";
		};
		FF6B26891A6CE2F70083845B /* MusicPlayerSampleSwift */ = {
			isa = PBXGroup;
			children = (
				FF6B268C1A6CE2F70083845B /* AppDelegate.swift */,
				FF6B268E1A6CE2F70083845B /* ViewController.swift */,
				FF6B26901A6CE2F70083845B /* Main.storyboard */,
				FF6B26931A6CE2F70083845B /* Images.xcassets */,
				FF6B26951A6CE2F70083845B /* LaunchScreen.xib */,
				FF6B268A1A6CE2F70083845B /* Supporting Files */,
			);
			path = MusicPlayerSampleSwift;
			sourceTree = "<group>";
		};
		FF6B268A1A6CE2F70083845B /* Supporting Files */ = {
			isa = PBXGroup;
			children = (
				FF6B268B1A6CE2F70083845B /* Info.plist */,
			);
			name = "Supporting Files";
			sourceTree = "<group>";
		};
		FF6B269F1A6CE2F70083845B /* MusicPlayerSampleSwiftTests */ = {
			isa = PBXGroup;
			children = (
				FF6B26A21A6CE2F70083845B /* MusicPlayerSampleSwiftTests.swift */,
				FF6B26A01A6CE2F70083845B /* Supporting Files */,
			);
			path = MusicPlayerSampleSwiftTests;
			sourceTree = "<group>";
		};
		FF6B26A01A6CE2F70083845B /* Supporting Files */ = {
			isa = PBXGroup;
			children = (
				FF6B26A11A6CE2F70083845B /* Info.plist */,
			);
			name = "Supporting Files";
			sourceTree = "<group>";
		};
/* End PBXGroup section */

/* Begin PBXNativeTarget section */
		FF6B26861A6CE2F70083845B /* MusicPlayerSampleSwift */ = {
			isa = PBXNativeTarget;
			buildConfigurationList = FF6B26A61A6CE2F70083845B /* Build configuration list for PBXNativeTarget "MusicPlayerSampleSwift" */;
			buildPhases = (
				FF6B26831A6CE2F70083845B /* Sources */,
				FF6B26841A6CE2F70083845B /* Frameworks */,
				FF6B26851A6CE2F70083845B /* Resources */,
			);
			buildRules = (
			);
			dependencies = (
			);
			name = MusicPlayerSampleSwift;
			productName = MusicPlayerSampleSwift;
			productReference = FF6B26871A6CE2F70083845B /* MusicPlayerSampleSwift.app */;
			productType = "com.apple.product-type.application";
		};
		FF6B269B1A6CE2F70083845B /* MusicPlayerSampleSwiftTests */ = {
			isa = PBXNativeTarget;
			buildConfigurationList = FF6B26A91A6CE2F70083845B /* Build configuration list for PBXNativeTarget "MusicPlayerSampleSwiftTests" */;
			buildPhases = (
				FF6B26981A6CE2F70083845B /* Sources */,
				FF6B26991A6CE2F70083845B /* Frameworks */,
				FF6B269A1A6CE2F70083845B /* Resources */,
			);
			buildRules = (
			);
			dependencies = (
				FF6B269E1A6CE2F70083845B /* PBXTargetDependency */,
			);
			name = MusicPlayerSampleSwiftTests;
			productName = MusicPlayerSampleSwiftTests;
			productReference = FF6B269C1A6CE2F70083845B /* MusicPlayerSampleSwiftTests.xctest */;
			productType = "com.apple.product-type.bundle.unit-test";
		};
/* End PBXNativeTarget section */

/* Begin PBXProject section */
		FF6B267F1A6CE2F70083845B /* Project object */ = {
			isa = PBXProject;
			attributes = {
				LastUpgradeCheck = 0610;
				ORGANIZATIONNAME = musicplayer;
				TargetAttributes = {
					FF6B26861A6CE2F70083845B = {
						CreatedOnToolsVersion = 6.1.1;
					};
					FF6B269B1A6CE2F70083845B = {
						CreatedOnToolsVersion = 6.1.1;
						TestTargetID = FF6B26861A6CE2F70083845B;
					};
				};
			};
			buildConfigurationList = FF6B26821A6CE2F70083845B /* Build configuration list for PBXProject "MusicPlayerSampleSwift" */;
			compatibilityVersion = "Xcode 3.2";
			developmentRegion = English;
			hasScannedForEncodings = 0;
			knownRegions = (
				en,
				Base,
			);
			mainGroup = FF6B267E1A6CE2F70083845B;
			productRefGroup = FF6B26881A6CE2F70083845B /* Products */;
			projectDirPath = "";
			projectRoot = "";
			targets = (
				FF6B26861A6CE2F70083845B /* MusicPlayerSampleSwift */,
				FF6B269B1A6CE2F70083845B /* MusicPlayerSampleSwiftTests */,
			);
		};
/* End PBXProject section */

/* Begin PBXResourcesBuildPhase section */
		FF6B26851A6CE2F70083845B /* Resources */ = {
			isa = PBXResourcesBuildPhase;
			buildActionMask = 2147483647;
			files = (
				FF6B26921A6CE2F70083845B /* Main.storyboard in Resources */,
				FF6B26971A6CE2F70083845B /* LaunchScreen.xib in Resources */,
				FF6B26941A6CE2F70083845B /* Images.xcassets in Resources */,
			);
			runOnlyForDeploymentPostprocessing = 0;
		};
		FF6B269A1A6CE2F70083845B /* Resources */ = {
			isa = PBXResourcesBuildPhase;
			buildActionMask = 2147483647;
			files = (
			);
			runOnlyForDeploymentPostprocessing = 0;
		};
/* End PBXResourcesBuildPhase section */

/* Begin PBXSourcesBuildPhase section */
		FF6B26831A6CE2F70083845B /* Sources */ = {
			isa = PBXSourcesBuildPhase;
			buildActionMask = 2147483647;
			files = (
				FF6B268F1A6CE2F70083845B /* ViewController.swift in Sources */,
				FF6B268D1A6CE2F70083845B /* AppDelegate.swift in Sources */,
			);
			runOnlyForDeploymentPostprocessing = 0;
		};
		FF6B26981A6CE2F70083845B /* Sources */ = {
			isa = PBXSourcesBuildPhase;
			buildActionMask = 2147483647;
			files = (
				FF6B26A31A6CE2F70083845B /* MusicPlayerSampleSwiftTests.swift in Sources */,
			);
			runOnlyForDeploymentPostprocessing = 0;
		};
/* End PBXSourcesBuildPhase section */

/* Begin PBXTargetDependency section */
		FF6B269E1A6CE2F70083845B /* PBXTargetDependency */ = {
			isa = PBXTargetDependency;
			target = FF6B26861A6CE2F70083845B /* MusicPlayerSampleSwift */;
			targetProxy = FF6B269D1A6CE2F70083845B /* PBXContainerItemProxy */;
		};
/* End PBXTargetDependency section */

/* Begin PBXVariantGroup section */
		FF6B26901A6CE2F70083845B /* Main.storyboard */ = {
			isa = PBXVariantGroup;
			children = (
				FF6B26911A6CE2F70083845B /* Base */,
			);
			name = Main.storyboard;
			sourceTree = "<group>";
		};
		FF6B26951A6CE2F70083845B /* LaunchScreen.xib */ = {
			isa = PBXVariantGroup;
			children = (
				FF6B26961A6CE2F70083845B /* Base */,
			);
			name = LaunchScreen.xib;
			sourceTree = "<group>";
		};
/* End PBXVariantGroup section */

/* Begin XCBuildConfiguration section */
		FF6B26A41A6CE2F70083845B /* Debug */ = {
			isa = XCBuildConfiguration;
			buildSettings = {
				ALWAYS_SEARCH_USER_PATHS = NO;
				CLANG_CXX_LANGUAGE_STANDARD = "gnu++0x";
				CLANG_CXX_LIBRARY = "libc++";
				CLANG_ENABLE_MODULES = YES;
				CLANG_ENABLE_OBJC_ARC = YES;
				CLANG_WARN_BOOL_CONVERSION = YES;
				CLANG_WARN_CONSTANT_CONVERSION = YES;
				CLANG_WARN_DIRECT_OBJC_ISA_USAGE = YES_ERROR;
				CLANG_WARN_EMPTY_BODY = YES;
				CLANG_WARN_ENUM_CONVERSION = YES;
				CLANG_WARN_INT_CONVERSION = YES;
				CLANG_WARN_OBJC_ROOT_CLASS = YES_ERROR;
				CLANG_WARN_UNREACHABLE_CODE = YES;
				CLANG_WARN__DUPLICATE_METHOD_MATCH = YES;
				"CODE_SIGN_IDENTITY[sdk=iphoneos*]" = "iPhone Developer";
				COPY_PHASE_STRIP = NO;
				ENABLE_STRICT_OBJC_MSGSEND = YES;
				GCC_C_LANGUAGE_STANDARD = gnu99;
				GCC_DYNAMIC_NO_PIC = NO;
				GCC_OPTIMIZATION_LEVEL = 0;
				GCC_PREPROCESSOR_DEFINITIONS = (
					"DEBUG=1",
					"$(inherited)",
				);
				GCC_SYMBOLS_PRIVATE_EXTERN = NO;
				GCC_WARN_64_TO_32_BIT_CONVERSION = YES;
				GCC_WARN_ABOUT_RETURN_TYPE = YES_ERROR;
				GCC_WARN_UNDECLARED_SELECTOR = YES;
				GCC_WARN_UNINITIALIZED_AUTOS = YES_AGGRESSIVE;
				GCC_WARN_UNUSED_FUNCTION = YES;
				GCC_WARN_UNUSED_VARIABLE = YES;
				IPHONEOS_DEPLOYMENT_TARGET = 8.1;
				MTL_ENABLE_DEBUG_INFO = YES;
				ONLY_ACTIVE_ARCH = YES;
				SDKROOT = iphoneos;
				SWIFT_OPTIMIZATION_LEVEL = "-Onone";
			};
			name = Debug;
		};
		FF6B26A51A6CE2F70083845B /* Release */ = {
			isa = XCBuildConfiguration;
			buildSettings = {
				ALWAYS_SEARCH_USER_PATHS = NO;
				CLANG_CXX_LANGUAGE_STANDARD = "gnu++0x";
				CLANG_CXX_LIBRARY = "libc++";
				CLANG_ENABLE_MODULES = YES;
				CLANG_ENABLE_OBJC_ARC = YES;
				CLANG_WARN_BOOL_CONVERSION = YES;
				CLANG_WARN_CONSTANT_CONVERSION = YES;
				CLANG_WARN_DIRECT_OBJC_ISA_USAGE = YES_ERROR;
				CLANG_WARN_EMPTY_BODY = YES;
				CLANG_WARN_ENUM_CONVERSION = YES;
				CLANG_WARN_INT_CONVERSION = YES;
				CLANG_WARN_OBJC_ROOT_CLASS = YES_ERROR;
				CLANG_WARN_UNREACHABLE_CODE = YES;
				CLANG_WARN__DUPLICATE_METHOD_MATCH = YES;
				"CODE_SIGN_IDENTITY[sdk=iphoneos*]" = "iPhone Developer";
				COPY_PHASE_STRIP = YES;
				ENABLE_NS_ASSERTIONS = NO;
				ENABLE_STRICT_OBJC_MSGSEND = YES;
				GCC_C_LANGUAGE_STANDARD = gnu99;
				GCC_WARN_64_TO_32_BIT_CONVERSION = YES;
				GCC_WARN_ABOUT_RETURN_TYPE = YES_ERROR;
				GCC_WARN_UNDECLARED_SELECTOR = YES;
				GCC_WARN_UNINITIALIZED_AUTOS = YES_AGGRESSIVE;
				GCC_WARN_UNUSED_FUNCTION = YES;
				GCC_WARN_UNUSED_VARIABLE = YES;
				IPHONEOS_DEPLOYMENT_TARGET = 8.1;
				MTL_ENABLE_DEBUG_INFO = NO;
				SDKROOT = iphoneos;
				VALIDATE_PRODUCT = YES;
			};
			name = Release;
		};
		FF6B26A71A6CE2F70083845B /* Debug */ = {
			isa = XCBuildConfiguration;
			buildSettings = {
				ASSETCATALOG_COMPILER_APPICON_NAME = AppIcon;
				INFOPLIST_FILE = MusicPlayerSampleSwift/Info.plist;
				LD_RUNPATH_SEARCH_PATHS = "$(inherited) @executable_path/Frameworks";
				PRODUCT_NAME = "$(TARGET_NAME)";
			};
			name = Debug;
		};
		FF6B26A81A6CE2F70083845B /* Release */ = {
			isa = XCBuildConfiguration;
			buildSettings = {
				ASSETCATALOG_COMPILER_APPICON_NAME = AppIcon;
				INFOPLIST_FILE = MusicPlayerSampleSwift/Info.plist;
				LD_RUNPATH_SEARCH_PATHS = "$(inherited) @executable_path/Frameworks";
				PRODUCT_NAME = "$(TARGET_NAME)";
			};
			name = Release;
		};
		FF6B26AA1A6CE2F70083845B /* Debug */ = {
			isa = XCBuildConfiguration;
			buildSettings = {
				BUNDLE_LOADER = "$(TEST_HOST)";
				FRAMEWORK_SEARCH_PATHS = (
					"$(SDKROOT)/Developer/Library/Frameworks",
					"$(inherited)",
				);
				GCC_PREPROCESSOR_DEFINITIONS = (
					"DEBUG=1",
					"$(inherited)",
				);
				INFOPLIST_FILE = MusicPlayerSampleSwiftTests/Info.plist;
				LD_RUNPATH_SEARCH_PATHS = "$(inherited) @executable_path/Frameworks @loader_path/Frameworks";
				PRODUCT_NAME = "$(TARGET_NAME)";
				TEST_HOST = "$(BUILT_PRODUCTS_DIR)/MusicPlayerSampleSwift.app/MusicPlayerSampleSwift";
			};
			name = Debug;
		};
		FF6B26AB1A6CE2F70083845B /* Release */ = {
			isa = XCBuildConfiguration;
			buildSettings = {
				BUNDLE_LOADER = "$(TEST_HOST)";
				FRAMEWORK_SEARCH_PATHS = (
					"$(SDKROOT)/Developer/Library/Frameworks",
					"$(inherited)",
				);
				INFOPLIST_FILE = MusicPlayerSampleSwiftTests/Info.plist;
				LD_RUNPATH_SEARCH_PATHS = "$(inherited) @executable_path/Frameworks @loader_path/Frameworks";
				PRODUCT_NAME = "$(TARGET_NAME)";
				TEST_HOST = "$(BUILT_PRODUCTS_DIR)/MusicPlayerSampleSwift.app/MusicPlayerSampleSwift";
			};
			name = Release;
		};
/* End XCBuildConfiguration section */

/* Begin XCConfigurationList section */
		FF6B26821A6CE2F70083845B /* Build configuration list for PBXProject "MusicPlayerSampleSwift" */ = {
			isa = XCConfigurationList;
			buildConfigurations = (
				FF6B26A41A6CE2F70083845B /* Debug */,
				FF6B26A51A6CE2F70083845B /* Release */,
			);
			defaultConfigurationIsVisible = 0;
			defaultConfigurationName = Release;
		};
		FF6B26A61A6CE2F70083845B /* Build configuration list for PBXNativeTarget "MusicPlayerSampleSwift" */ = {
			isa = XCConfigurationList;
			buildConfigurations = (
				FF6B26A71A6CE2F70083845B /* Debug */,
				FF6B26A81A6CE2F70083845B /* Release */,
			);
			defaultConfigurationIsVisible = 0;
		};
		FF6B26A91A6CE2F70083845B /* Build configuration list for PBXNativeTarget "MusicPlayerSampleSwiftTests" */ = {
			isa = XCConfigurationList;
			buildConfigurations = (
				FF6B26AA1A6CE2F70083845B /* Debug */,
				FF6B26AB1A6CE2F70083845B /* Release */,
			);
			defaultConfigurationIsVisible = 0;
		};
/* End XCConfigurationList section */
	};
	rootObject = FF6B267F1A6CE2F70083845B /* Project object */;
}
